
Microsoft Visual Studio Solution File, Format Version 12.00
# Visual Studio Version 16
VisualStudioVersion = 16.0.29920.165
MinimumVisualStudioVersion = 10.0.40219.1
Project("{FAE04EC0-301F-11D3-BF4B-00C04F79EFBC}") = "ZabLiniiSN", "ZabLiniiSN.csproj", "{0AA22768-6192-404D-AFD8-166B94948758}"
EndProject
Global
	GlobalSection(SolutionConfigurationPlatforms) = preSolution
		Debug|Any CPU = Debug|Any CPU
		Release|Any CPU = Release|Any CPU
	EndGlobalSection
	GlobalSection(ProjectConfigurationPlatforms) = postSolution
		{0AA22768-6192-404D-AFD8-166B94948758}.Debug|Any CPU.ActiveCfg = Debug|Any CPU
		{0AA22768-6192-404D-AFD8-166B94948758}.Debug|Any CPU.Build.0 = Debug|Any CPU
		{0AA22768-6192-404D-AFD8-166B94948758}.Release|Any CPU.ActiveCfg = Release|Any CPU
		{0AA22768-6192-404D-AFD8-166B94948758}.Release|Any CPU.Build.0 = Release|Any CPU
	EndGlobalSection
	GlobalSection(SolutionProperties) = preSolution
		HideSolutionNode = FALSE
	EndGlobalSection
	GlobalSection(ExtensibilityGlobals) = postSolution
		SolutionGuid = {D3370BF1-78C8-4FF6-BA2C-7B1FB61C94AD}
	EndGlobalSection
EndGlobal
